
Microsoft Visual Studio Solution File, Format Version 12.00
# Visual Studio Version 17
VisualStudioVersion = 17.4.33122.133
MinimumVisualStudioVersion = 10.0.40219.1
Project("{FAE04EC0-301F-11D3-BF4B-00C04F79EFBC}") = "PIIIProject", "PIIIProject.csproj", "{4FEE7405-508B-411C-97FE-8B345B2D0809}"
EndProject
Global
	GlobalSection(SolutionConfigurationPlatforms) = preSolution
		Debug|Any CPU = Debug|Any CPU
		Release|Any CPU = Release|Any CPU
	EndGlobalSection
	GlobalSection(ProjectConfigurationPlatforms) = postSolution
		{4FEE7405-508B-411C-97FE-8B345B2D0809}.Debug|Any CPU.ActiveCfg = Debug|Any CPU
		{4FEE7405-508B-411C-97FE-8B345B2D0809}.Debug|Any CPU.Build.0 = Debug|Any CPU
		{4FEE7405-508B-411C-97FE-8B345B2D0809}.Release|Any CPU.ActiveCfg = Release|Any CPU
		{4FEE7405-508B-411C-97FE-8B345B2D0809}.Release|Any CPU.Build.0 = Release|Any CPU
	EndGlobalSection
	GlobalSection(SolutionProperties) = preSolution
		HideSolutionNode = FALSE
	EndGlobalSection
	GlobalSection(ExtensibilityGlobals) = postSolution
		SolutionGuid = {AE52D452-D356-4EC4-B817-F8708BD13DF8}
	EndGlobalSection
EndGlobal
